
Microsoft Visual Studio Solution File, Format Version 12.00
# Visual Studio Version 16
VisualStudioVersion = 16.0.29613.14
MinimumVisualStudioVersion = 10.0.40219.1
Project("{9A19103F-16F7-4668-BE54-9A1E7A4F7556}") = "metro", "metro\metro.csproj", "{706EF0A4-5089-4549-ABD4-589165AB8AFE}"
EndProject
Project("{FAE04EC0-301F-11D3-BF4B-00C04F79EFBC}") = "EntityLibrary", "EntityLibrary\EntityLibrary.csproj", "{6F17A606-A97E-4A99-8FDB-7FD31D509D7C}"
EndProject
Project("{FAE04EC0-301F-11D3-BF4B-00C04F79EFBC}") = "Initialize", "Initialize\Initialize.csproj", "{9BEDCA2C-D581-4A92-931C-26A2DC2BA226}"
EndProject
Project("{FAE04EC0-301F-11D3-BF4B-00C04F79EFBC}") = "AzureStorageHelper", "AzureStorageHelper\AzureStorageHelper.csproj", "{D3FB9AC4-954F-4460-87F8-7029D79B5652}"
EndProject
Global
	GlobalSection(SolutionConfigurationPlatforms) = preSolution
		Debug|Any CPU = Debug|Any CPU
		Release|Any CPU = Release|Any CPU
	EndGlobalSection
	GlobalSection(ProjectConfigurationPlatforms) = postSolution
		{706EF0A4-5089-4549-ABD4-589165AB8AFE}.Debug|Any CPU.ActiveCfg = Debug|Any CPU
		{706EF0A4-5089-4549-ABD4-589165AB8AFE}.Debug|Any CPU.Build.0 = Debug|Any CPU
		{706EF0A4-5089-4549-ABD4-589165AB8AFE}.Release|Any CPU.ActiveCfg = Release|Any CPU
		{706EF0A4-5089-4549-ABD4-589165AB8AFE}.Release|Any CPU.Build.0 = Release|Any CPU
		{6F17A606-A97E-4A99-8FDB-7FD31D509D7C}.Debug|Any CPU.ActiveCfg = Debug|Any CPU
		{6F17A606-A97E-4A99-8FDB-7FD31D509D7C}.Debug|Any CPU.Build.0 = Debug|Any CPU
		{6F17A606-A97E-4A99-8FDB-7FD31D509D7C}.Release|Any CPU.ActiveCfg = Release|Any CPU
		{6F17A606-A97E-4A99-8FDB-7FD31D509D7C}.Release|Any CPU.Build.0 = Release|Any CPU
		{9BEDCA2C-D581-4A92-931C-26A2DC2BA226}.Debug|Any CPU.ActiveCfg = Debug|Any CPU
		{9BEDCA2C-D581-4A92-931C-26A2DC2BA226}.Debug|Any CPU.Build.0 = Debug|Any CPU
		{9BEDCA2C-D581-4A92-931C-26A2DC2BA226}.Release|Any CPU.ActiveCfg = Release|Any CPU
		{9BEDCA2C-D581-4A92-931C-26A2DC2BA226}.Release|Any CPU.Build.0 = Release|Any CPU
		{D3FB9AC4-954F-4460-87F8-7029D79B5652}.Debug|Any CPU.ActiveCfg = Debug|Any CPU
		{D3FB9AC4-954F-4460-87F8-7029D79B5652}.Debug|Any CPU.Build.0 = Debug|Any CPU
		{D3FB9AC4-954F-4460-87F8-7029D79B5652}.Release|Any CPU.ActiveCfg = Release|Any CPU
		{D3FB9AC4-954F-4460-87F8-7029D79B5652}.Release|Any CPU.Build.0 = Release|Any CPU
	EndGlobalSection
	GlobalSection(SolutionProperties) = preSolution
		HideSolutionNode = FALSE
	EndGlobalSection
	GlobalSection(ExtensibilityGlobals) = postSolution
		SolutionGuid = {AD761F75-7BDF-49D9-BB9C-2C421EFDF2AF}
	EndGlobalSection
EndGlobal
